
Microsoft Visual Studio Solution File, Format Version 12.00
# Visual Studio Version 17
VisualStudioVersion = 17.0.32112.339
MinimumVisualStudioVersion = 10.0.40219.1
Project("{FAE04EC0-301F-11D3-BF4B-00C04F79EFBC}") = "MachineSK", "MachineSK\MachineSK.csproj", "{529A900E-3EE4-44F7-868B-9AB0D9C3A975}"
EndProject
Global
	GlobalSection(SolutionConfigurationPlatforms) = preSolution
		Debug|Any CPU = Debug|Any CPU
		Release|Any CPU = Release|Any CPU
	EndGlobalSection
	GlobalSection(ProjectConfigurationPlatforms) = postSolution
		{529A900E-3EE4-44F7-868B-9AB0D9C3A975}.Debug|Any CPU.ActiveCfg = Debug|Any CPU
		{529A900E-3EE4-44F7-868B-9AB0D9C3A975}.Debug|Any CPU.Build.0 = Debug|Any CPU
		{529A900E-3EE4-44F7-868B-9AB0D9C3A975}.Release|Any CPU.ActiveCfg = Release|Any CPU
		{529A900E-3EE4-44F7-868B-9AB0D9C3A975}.Release|Any CPU.Build.0 = Release|Any CPU
	EndGlobalSection
	GlobalSection(SolutionProperties) = preSolution
		HideSolutionNode = FALSE
	EndGlobalSection
	GlobalSection(ExtensibilityGlobals) = postSolution
		SolutionGuid = {04DF3645-1A44-40E8-B669-D1D537E76FA4}
	EndGlobalSection
EndGlobal
